
Microsoft Visual Studio Solution File, Format Version 12.00
# Visual Studio Version 16
VisualStudioVersion = 16.0.28803.156
MinimumVisualStudioVersion = 10.0.40219.1
Project("{9A19103F-16F7-4668-BE54-9A1E7A4F7556}") = "SyndicationRssTest", "SyndicationRssTest\SyndicationRssTest.csproj", "{77B9E00F-055A-45A1-975E-C3B3B59C05F5}"
EndProject
Global
	GlobalSection(SolutionConfigurationPlatforms) = preSolution
		Debug|Any CPU = Debug|Any CPU
		Release|Any CPU = Release|Any CPU
	EndGlobalSection
	GlobalSection(ProjectConfigurationPlatforms) = postSolution
		{77B9E00F-055A-45A1-975E-C3B3B59C05F5}.Debug|Any CPU.ActiveCfg = Debug|Any CPU
		{77B9E00F-055A-45A1-975E-C3B3B59C05F5}.Debug|Any CPU.Build.0 = Debug|Any CPU
		{77B9E00F-055A-45A1-975E-C3B3B59C05F5}.Release|Any CPU.ActiveCfg = Release|Any CPU
		{77B9E00F-055A-45A1-975E-C3B3B59C05F5}.Release|Any CPU.Build.0 = Release|Any CPU
	EndGlobalSection
	GlobalSection(SolutionProperties) = preSolution
		HideSolutionNode = FALSE
	EndGlobalSection
	GlobalSection(ExtensibilityGlobals) = postSolution
		SolutionGuid = {7599D8AB-62FB-4D50-9AF3-310FE5755DC0}
	EndGlobalSection
EndGlobal
